
Microsoft Visual Studio Solution File, Format Version 12.00
# Visual Studio Version 16
VisualStudioVersion = 16.0.29123.88
MinimumVisualStudioVersion = 10.0.40219.1
Project("{9A19103F-16F7-4668-BE54-9A1E7A4F7556}") = "AccountOwnerAPI", "AccountOwnerAPI\AccountOwnerAPI.csproj", "{B8C699B9-25E1-4089-BAF5-3112CF3AA6DD}"
EndProject
Project("{FAE04EC0-301F-11D3-BF4B-00C04F79EFBC}") = "Contracts", "Contracts\Contracts.csproj", "{64D3F762-7E4D-475C-BB3E-F1F15E11B2B8}"
EndProject
Project("{FAE04EC0-301F-11D3-BF4B-00C04F79EFBC}") = "LoggerService", "LoggerService\LoggerService.csproj", "{392EAB38-5632-4B9A-ADC8-D93567CBCEC1}"
EndProject
Project("{FAE04EC0-301F-11D3-BF4B-00C04F79EFBC}") = "Entities", "Entities\Entities.csproj", "{D9586231-DEB0-4999-912D-90FFB1940E9E}"
EndProject
Project("{FAE04EC0-301F-11D3-BF4B-00C04F79EFBC}") = "Repository", "Repository\Repository.csproj", "{1D538D8D-3EEC-4D59-9416-B4142B33F1E5}"
EndProject
Global
	GlobalSection(SolutionConfigurationPlatforms) = preSolution
		Debug|Any CPU = Debug|Any CPU
		Release|Any CPU = Release|Any CPU
	EndGlobalSection
	GlobalSection(ProjectConfigurationPlatforms) = postSolution
		{B8C699B9-25E1-4089-BAF5-3112CF3AA6DD}.Debug|Any CPU.ActiveCfg = Debug|Any CPU
		{B8C699B9-25E1-4089-BAF5-3112CF3AA6DD}.Debug|Any CPU.Build.0 = Debug|Any CPU
		{B8C699B9-25E1-4089-BAF5-3112CF3AA6DD}.Release|Any CPU.ActiveCfg = Release|Any CPU
		{B8C699B9-25E1-4089-BAF5-3112CF3AA6DD}.Release|Any CPU.Build.0 = Release|Any CPU
		{64D3F762-7E4D-475C-BB3E-F1F15E11B2B8}.Debug|Any CPU.ActiveCfg = Debug|Any CPU
		{64D3F762-7E4D-475C-BB3E-F1F15E11B2B8}.Debug|Any CPU.Build.0 = Debug|Any CPU
		{64D3F762-7E4D-475C-BB3E-F1F15E11B2B8}.Release|Any CPU.ActiveCfg = Release|Any CPU
		{64D3F762-7E4D-475C-BB3E-F1F15E11B2B8}.Release|Any CPU.Build.0 = Release|Any CPU
		{392EAB38-5632-4B9A-ADC8-D93567CBCEC1}.Debug|Any CPU.ActiveCfg = Debug|Any CPU
		{392EAB38-5632-4B9A-ADC8-D93567CBCEC1}.Debug|Any CPU.Build.0 = Debug|Any CPU
		{392EAB38-5632-4B9A-ADC8-D93567CBCEC1}.Release|Any CPU.ActiveCfg = Release|Any CPU
		{392EAB38-5632-4B9A-ADC8-D93567CBCEC1}.Release|Any CPU.Build.0 = Release|Any CPU
		{D9586231-DEB0-4999-912D-90FFB1940E9E}.Debug|Any CPU.ActiveCfg = Debug|Any CPU
		{D9586231-DEB0-4999-912D-90FFB1940E9E}.Debug|Any CPU.Build.0 = Debug|Any CPU
		{D9586231-DEB0-4999-912D-90FFB1940E9E}.Release|Any CPU.ActiveCfg = Release|Any CPU
		{D9586231-DEB0-4999-912D-90FFB1940E9E}.Release|Any CPU.Build.0 = Release|Any CPU
		{1D538D8D-3EEC-4D59-9416-B4142B33F1E5}.Debug|Any CPU.ActiveCfg = Debug|Any CPU
		{1D538D8D-3EEC-4D59-9416-B4142B33F1E5}.Debug|Any CPU.Build.0 = Debug|Any CPU
		{1D538D8D-3EEC-4D59-9416-B4142B33F1E5}.Release|Any CPU.ActiveCfg = Release|Any CPU
		{1D538D8D-3EEC-4D59-9416-B4142B33F1E5}.Release|Any CPU.Build.0 = Release|Any CPU
	EndGlobalSection
	GlobalSection(SolutionProperties) = preSolution
		HideSolutionNode = FALSE
	EndGlobalSection
	GlobalSection(ExtensibilityGlobals) = postSolution
		SolutionGuid = {C9549593-6F92-4344-B3F8-4C791C3C5BAA}
	EndGlobalSection
EndGlobal
